
Microsoft Visual Studio Solution File, Format Version 12.00
# Visual Studio Version 16
VisualStudioVersion = 16.0.30320.27
MinimumVisualStudioVersion = 10.0.40219.1
Project("{FAE04EC0-301F-11D3-BF4B-00C04F79EFBC}") = "CRA_No_Interfaces", "CRA_No_Interfaces\CRA_No_Interfaces.csproj", "{B2C536D1-1142-4DB0-ABB6-FA635BA33B95}"
EndProject
Global
	GlobalSection(SolutionConfigurationPlatforms) = preSolution
		Debug|Any CPU = Debug|Any CPU
		Release|Any CPU = Release|Any CPU
	EndGlobalSection
	GlobalSection(ProjectConfigurationPlatforms) = postSolution
		{B2C536D1-1142-4DB0-ABB6-FA635BA33B95}.Debug|Any CPU.ActiveCfg = Debug|Any CPU
		{B2C536D1-1142-4DB0-ABB6-FA635BA33B95}.Debug|Any CPU.Build.0 = Debug|Any CPU
		{B2C536D1-1142-4DB0-ABB6-FA635BA33B95}.Release|Any CPU.ActiveCfg = Release|Any CPU
		{B2C536D1-1142-4DB0-ABB6-FA635BA33B95}.Release|Any CPU.Build.0 = Release|Any CPU
	EndGlobalSection
	GlobalSection(SolutionProperties) = preSolution
		HideSolutionNode = FALSE
	EndGlobalSection
	GlobalSection(ExtensibilityGlobals) = postSolution
		SolutionGuid = {DF322D54-B313-40A0-AE5E-D505E74A0DBE}
	EndGlobalSection
EndGlobal
